{
  "pins" : [
    {
      "identity" : "lottie-ios",
      "kind" : "remoteSourceControl",
      "location" : "https://github.com/airbnb/lottie-ios.git",
      "state" : {
        "revision" : "b4bd0604ded9574807f41b4004b57dd1226a30a4",
        "version" : "3.5.0"
      }
    },
    {
      "identity" : "skrools",
      "kind" : "remoteSourceControl",
      "location" : "https://github.com/cardona/SKRools",
      "state" : {
        "revision" : "304211dd33617f1d91c21a1b361deb8e487a17b9",
        "version" : "1.1.0"
      }
    }
  ],
  "version" : 2
}
