// !$*UTF8*$!
{
	archiveVersion = 1;
	classes = {
	};
	objectVersion = 56;
	objects = {

/* Begin PBXBuildFile section */
		55A663FB292C097900981863 /* AppDelegate.swift in Sources */ = {isa = PBXBuildFile; fileRef = 55A663FA292C097900981863 /* AppDelegate.swift */; };
		55A66402292C097900981863 /* Main.storyboard in Resources */ = {isa = PBXBuildFile; fileRef = 55A66400292C097900981863 /* Main.storyboard */; };
		55A66405292C097900981863 /* Cryptocompare.xcdatamodeld in Sources */ = {isa = PBXBuildFile; fileRef = 55A66403292C097900981863 /* Cryptocompare.xcdatamodeld */; };
		55A66407292C097A00981863 /* Assets.xcassets in Resources */ = {isa = PBXBuildFile; fileRef = 55A66406292C097A00981863 /* Assets.xcassets */; };
		55A6640A292C097A00981863 /* LaunchScreen.storyboard in Resources */ = {isa = PBXBuildFile; fileRef = 55A66408292C097A00981863 /* LaunchScreen.storyboard */; };
		55A66415292C097A00981863 /* CryptocompareTests.swift in Sources */ = {isa = PBXBuildFile; fileRef = 55A66414292C097A00981863 /* CryptocompareTests.swift */; };
		55A6641F292C097A00981863 /* CryptocompareUITests.swift in Sources */ = {isa = PBXBuildFile; fileRef = 55A6641E292C097A00981863 /* CryptocompareUITests.swift */; };
		55A66421292C097A00981863 /* CryptocompareUITestsLaunchTests.swift in Sources */ = {isa = PBXBuildFile; fileRef = 55A66420292C097A00981863 /* CryptocompareUITestsLaunchTests.swift */; };
		55A66431292C0AA500981863 /* MainCoordinator.swift in Sources */ = {isa = PBXBuildFile; fileRef = 55A66430292C0AA500981863 /* MainCoordinator.swift */; };
		55A66434292C0AD700981863 /* SKRools in Frameworks */ = {isa = PBXBuildFile; productRef = 55A66433292C0AD700981863 /* SKRools */; };
		55A66437292C0B9E00981863 /* String+Localized.swift in Sources */ = {isa = PBXBuildFile; fileRef = 55A66436292C0B9E00981863 /* String+Localized.swift */; };
		55A6643C292C0F3A00981863 /* Setup+View.swift in Sources */ = {isa = PBXBuildFile; fileRef = 55A6643B292C0F3A00981863 /* Setup+View.swift */; };
		55A6643F292C0F5000981863 /* Home+View.swift in Sources */ = {isa = PBXBuildFile; fileRef = 55A6643E292C0F5000981863 /* Home+View.swift */; };
		55A66441292C109900981863 /* UIFont+CustomFonts.swift in Sources */ = {isa = PBXBuildFile; fileRef = 55A66440292C109900981863 /* UIFont+CustomFonts.swift */; };
		55A66443292C10A800981863 /* UIColors+CustomColors.swift in Sources */ = {isa = PBXBuildFile; fileRef = 55A66442292C10A800981863 /* UIColors+CustomColors.swift */; };
		55A6644B292C226300981863 /* Coins+Decodable.swift in Sources */ = {isa = PBXBuildFile; fileRef = 55A6644A292C226300981863 /* Coins+Decodable.swift */; };
		55A6644D292C24B200981863 /* CoinsList+Decodable.swift in Sources */ = {isa = PBXBuildFile; fileRef = 55A6644C292C24B200981863 /* CoinsList+Decodable.swift */; };
		55A6644F292C276700981863 /* CoinsListRepository+Parameters.swift in Sources */ = {isa = PBXBuildFile; fileRef = 55A6644E292C276700981863 /* CoinsListRepository+Parameters.swift */; };
		55A66451292C277300981863 /* CoinsList+Repository.swift in Sources */ = {isa = PBXBuildFile; fileRef = 55A66450292C277300981863 /* CoinsList+Repository.swift */; };
		55A66453292C296700981863 /* CoinsListPrice+Repository.swift in Sources */ = {isa = PBXBuildFile; fileRef = 55A66452292C296700981863 /* CoinsListPrice+Repository.swift */; };
		55A66457292C29A000981863 /* CointsListPriceRepository+Parameters.swift in Sources */ = {isa = PBXBuildFile; fileRef = 55A66456292C29A000981863 /* CointsListPriceRepository+Parameters.swift */; };
		55A66459292C2A9F00981863 /* CoinsListPrice+Decodable.swift in Sources */ = {isa = PBXBuildFile; fileRef = 55A66458292C2A9F00981863 /* CoinsListPrice+Decodable.swift */; };
		55A66466292CDFAF00981863 /* CoinsList+UseCase.swift in Sources */ = {isa = PBXBuildFile; fileRef = 55A66465292CDFAF00981863 /* CoinsList+UseCase.swift */; };
		55A6646E292CE27400981863 /* Coin+Entity.swift in Sources */ = {isa = PBXBuildFile; fileRef = 55A6646D292CE27400981863 /* Coin+Entity.swift */; };
		55A66476292D1FC200981863 /* CoinsListUseCase+Test.swift in Sources */ = {isa = PBXBuildFile; fileRef = 55A66475292D1FC200981863 /* CoinsListUseCase+Test.swift */; };
		55A6647E292D20DF00981863 /* CoinsList+Json.swift in Sources */ = {isa = PBXBuildFile; fileRef = 55A6647D292D20DF00981863 /* CoinsList+Json.swift */; };
		55A66480292D212F00981863 /* CoinsListRepository+Mock.swift in Sources */ = {isa = PBXBuildFile; fileRef = 55A6647F292D212F00981863 /* CoinsListRepository+Mock.swift */; };
		55A66482292D758800981863 /* CoinsListPrice+Json.swift in Sources */ = {isa = PBXBuildFile; fileRef = 55A66481292D758800981863 /* CoinsListPrice+Json.swift */; };
		55A66484292D787100981863 /* CoinsListPriceRepository+Mock.swift in Sources */ = {isa = PBXBuildFile; fileRef = 55A66483292D787100981863 /* CoinsListPriceRepository+Mock.swift */; };
		55A66486292E138100981863 /* CoinsLargeList+Json.swift in Sources */ = {isa = PBXBuildFile; fileRef = 55A66485292E138100981863 /* CoinsLargeList+Json.swift */; };
		55A66488292E1C1400981863 /* CoinsLargeListPrice+Json.swift in Sources */ = {isa = PBXBuildFile; fileRef = 55A66487292E1C1400981863 /* CoinsLargeListPrice+Json.swift */; };
		55A6648B292E467B00981863 /* CoinsListPriceEmpty+Json.swift in Sources */ = {isa = PBXBuildFile; fileRef = 55A6648A292E467B00981863 /* CoinsListPriceEmpty+Json.swift */; };
		55A6648D292E46BE00981863 /* CoinsListEmpty+Json.swift in Sources */ = {isa = PBXBuildFile; fileRef = 55A6648C292E46BE00981863 /* CoinsListEmpty+Json.swift */; };
		55A6648F292E926E00981863 /* CoinsListUseCase+Parameters.swift in Sources */ = {isa = PBXBuildFile; fileRef = 55A6648E292E926E00981863 /* CoinsListUseCase+Parameters.swift */; };
		55A66491292EBAE200981863 /* CoinDetail+Decodable.swift in Sources */ = {isa = PBXBuildFile; fileRef = 55A66490292EBAE200981863 /* CoinDetail+Decodable.swift */; };
		55A66493292EBB1F00981863 /* CoinDetails+Json.swift in Sources */ = {isa = PBXBuildFile; fileRef = 55A66492292EBB1F00981863 /* CoinDetails+Json.swift */; };
		55A66496292EC16200981863 /* CoinDetail+Repository.swift in Sources */ = {isa = PBXBuildFile; fileRef = 55A66495292EC16200981863 /* CoinDetail+Repository.swift */; };
		55A66498292EC17000981863 /* CoinDetailRepository+Parameters.swift in Sources */ = {isa = PBXBuildFile; fileRef = 55A66497292EC17000981863 /* CoinDetailRepository+Parameters.swift */; };
		55A6649E292EC59900981863 /* CoinDetails+Entity.swift in Sources */ = {isa = PBXBuildFile; fileRef = 55A6649D292EC59900981863 /* CoinDetails+Entity.swift */; };
		55A664A1292EC6A000981863 /* CoinDetail+UseCase.swift in Sources */ = {isa = PBXBuildFile; fileRef = 55A664A0292EC6A000981863 /* CoinDetail+UseCase.swift */; };
		55A664A3292EC6B400981863 /* CoinDetailUseCase+Parameters.swift in Sources */ = {isa = PBXBuildFile; fileRef = 55A664A2292EC6B400981863 /* CoinDetailUseCase+Parameters.swift */; };
		55A664A5292ECBF000981863 /* CoinDetailUseCase+Test.swift in Sources */ = {isa = PBXBuildFile; fileRef = 55A664A4292ECBEF00981863 /* CoinDetailUseCase+Test.swift */; };
		55A664A7292ECC3500981863 /* CoinDetailRepository+Mock.swift in Sources */ = {isa = PBXBuildFile; fileRef = 55A664A6292ECC3500981863 /* CoinDetailRepository+Mock.swift */; };
/* End PBXBuildFile section */

/* Begin PBXContainerItemProxy section */
		55A66411292C097A00981863 /* PBXContainerItemProxy */ = {
			isa = PBXContainerItemProxy;
			containerPortal = 55A663EF292C097900981863 /* Project object */;
			proxyType = 1;
			remoteGlobalIDString = 55A663F6292C097900981863;
			remoteInfo = Cryptocompare;
		};
		55A6641B292C097A00981863 /* PBXContainerItemProxy */ = {
			isa = PBXContainerItemProxy;
			containerPortal = 55A663EF292C097900981863 /* Project object */;
			proxyType = 1;
			remoteGlobalIDString = 55A663F6292C097900981863;
			remoteInfo = Cryptocompare;
		};
/* End PBXContainerItemProxy section */

/* Begin PBXFileReference section */
		55A663F7292C097900981863 /* Cryptocompare.app */ = {isa = PBXFileReference; explicitFileType = wrapper.application; includeInIndex = 0; path = Cryptocompare.app; sourceTree = BUILT_PRODUCTS_DIR; };
		55A663FA292C097900981863 /* AppDelegate.swift */ = {isa = PBXFileReference; lastKnownFileType = sourcecode.swift; path = AppDelegate.swift; sourceTree = "<group>"; };
		55A66401292C097900981863 /* Base */ = {isa = PBXFileReference; lastKnownFileType = file.storyboard; name = Base; path = Base.lproj/Main.storyboard; sourceTree = "<group>"; };
		55A66404292C097900981863 /* Cryptocompare.xcdatamodel */ = {isa = PBXFileReference; lastKnownFileType = wrapper.xcdatamodel; path = Cryptocompare.xcdatamodel; sourceTree = "<group>"; };
		55A66406292C097A00981863 /* Assets.xcassets */ = {isa = PBXFileReference; lastKnownFileType = folder.assetcatalog; path = Assets.xcassets; sourceTree = "<group>"; };
		55A66409292C097A00981863 /* Base */ = {isa = PBXFileReference; lastKnownFileType = file.storyboard; name = Base; path = Base.lproj/LaunchScreen.storyboard; sourceTree = "<group>"; };
		55A6640B292C097A00981863 /* Info.plist */ = {isa = PBXFileReference; lastKnownFileType = text.plist.xml; path = Info.plist; sourceTree = "<group>"; };
		55A66410292C097A00981863 /* CryptocompareTests.xctest */ = {isa = PBXFileReference; explicitFileType = wrapper.cfbundle; includeInIndex = 0; path = CryptocompareTests.xctest; sourceTree = BUILT_PRODUCTS_DIR; };
		55A66414292C097A00981863 /* CryptocompareTests.swift */ = {isa = PBXFileReference; lastKnownFileType = sourcecode.swift; path = CryptocompareTests.swift; sourceTree = "<group>"; };
		55A6641A292C097A00981863 /* CryptocompareUITests.xctest */ = {isa = PBXFileReference; explicitFileType = wrapper.cfbundle; includeInIndex = 0; path = CryptocompareUITests.xctest; sourceTree = BUILT_PRODUCTS_DIR; };
		55A6641E292C097A00981863 /* CryptocompareUITests.swift */ = {isa = PBXFileReference; lastKnownFileType = sourcecode.swift; path = CryptocompareUITests.swift; sourceTree = "<group>"; };
		55A66420292C097A00981863 /* CryptocompareUITestsLaunchTests.swift */ = {isa = PBXFileReference; lastKnownFileType = sourcecode.swift; path = CryptocompareUITestsLaunchTests.swift; sourceTree = "<group>"; };
		55A66430292C0AA500981863 /* MainCoordinator.swift */ = {isa = PBXFileReference; lastKnownFileType = sourcecode.swift; path = MainCoordinator.swift; sourceTree = "<group>"; };
		55A66436292C0B9E00981863 /* String+Localized.swift */ = {isa = PBXFileReference; lastKnownFileType = sourcecode.swift; path = "String+Localized.swift"; sourceTree = "<group>"; };
		55A6643B292C0F3A00981863 /* Setup+View.swift */ = {isa = PBXFileReference; lastKnownFileType = sourcecode.swift; path = "Setup+View.swift"; sourceTree = "<group>"; };
		55A6643E292C0F5000981863 /* Home+View.swift */ = {isa = PBXFileReference; lastKnownFileType = sourcecode.swift; path = "Home+View.swift"; sourceTree = "<group>"; };
		55A66440292C109900981863 /* UIFont+CustomFonts.swift */ = {isa = PBXFileReference; lastKnownFileType = sourcecode.swift; path = "UIFont+CustomFonts.swift"; sourceTree = "<group>"; };
		55A66442292C10A800981863 /* UIColors+CustomColors.swift */ = {isa = PBXFileReference; lastKnownFileType = sourcecode.swift; path = "UIColors+CustomColors.swift"; sourceTree = "<group>"; };
		55A6644A292C226300981863 /* Coins+Decodable.swift */ = {isa = PBXFileReference; lastKnownFileType = sourcecode.swift; path = "Coins+Decodable.swift"; sourceTree = "<group>"; };
		55A6644C292C24B200981863 /* CoinsList+Decodable.swift */ = {isa = PBXFileReference; lastKnownFileType = sourcecode.swift; path = "CoinsList+Decodable.swift"; sourceTree = "<group>"; };
		55A6644E292C276700981863 /* CoinsListRepository+Parameters.swift */ = {isa = PBXFileReference; lastKnownFileType = sourcecode.swift; path = "CoinsListRepository+Parameters.swift"; sourceTree = "<group>"; };
		55A66450292C277300981863 /* CoinsList+Repository.swift */ = {isa = PBXFileReference; lastKnownFileType = sourcecode.swift; path = "CoinsList+Repository.swift"; sourceTree = "<group>"; };
		55A66452292C296700981863 /* CoinsListPrice+Repository.swift */ = {isa = PBXFileReference; lastKnownFileType = sourcecode.swift; path = "CoinsListPrice+Repository.swift"; sourceTree = "<group>"; };
		55A66456292C29A000981863 /* CointsListPriceRepository+Parameters.swift */ = {isa = PBXFileReference; lastKnownFileType = sourcecode.swift; path = "CointsListPriceRepository+Parameters.swift"; sourceTree = "<group>"; };
		55A66458292C2A9F00981863 /* CoinsListPrice+Decodable.swift */ = {isa = PBXFileReference; lastKnownFileType = sourcecode.swift; path = "CoinsListPrice+Decodable.swift"; sourceTree = "<group>"; };
		55A66465292CDFAF00981863 /* CoinsList+UseCase.swift */ = {isa = PBXFileReference; lastKnownFileType = sourcecode.swift; path = "CoinsList+UseCase.swift"; sourceTree = "<group>"; };
		55A6646D292CE27400981863 /* Coin+Entity.swift */ = {isa = PBXFileReference; lastKnownFileType = sourcecode.swift; path = "Coin+Entity.swift"; sourceTree = "<group>"; };
		55A66475292D1FC200981863 /* CoinsListUseCase+Test.swift */ = {isa = PBXFileReference; lastKnownFileType = sourcecode.swift; path = "CoinsListUseCase+Test.swift"; sourceTree = "<group>"; };
		55A6647D292D20DF00981863 /* CoinsList+Json.swift */ = {isa = PBXFileReference; lastKnownFileType = sourcecode.swift; path = "CoinsList+Json.swift"; sourceTree = "<group>"; };
		55A6647F292D212F00981863 /* CoinsListRepository+Mock.swift */ = {isa = PBXFileReference; lastKnownFileType = sourcecode.swift; path = "CoinsListRepository+Mock.swift"; sourceTree = "<group>"; };
		55A66481292D758800981863 /* CoinsListPrice+Json.swift */ = {isa = PBXFileReference; lastKnownFileType = sourcecode.swift; path = "CoinsListPrice+Json.swift"; sourceTree = "<group>"; };
		55A66483292D787100981863 /* CoinsListPriceRepository+Mock.swift */ = {isa = PBXFileReference; lastKnownFileType = sourcecode.swift; path = "CoinsListPriceRepository+Mock.swift"; sourceTree = "<group>"; };
		55A66485292E138100981863 /* CoinsLargeList+Json.swift */ = {isa = PBXFileReference; lastKnownFileType = sourcecode.swift; path = "CoinsLargeList+Json.swift"; sourceTree = "<group>"; };
		55A66487292E1C1400981863 /* CoinsLargeListPrice+Json.swift */ = {isa = PBXFileReference; lastKnownFileType = sourcecode.swift; path = "CoinsLargeListPrice+Json.swift"; sourceTree = "<group>"; };
		55A6648A292E467B00981863 /* CoinsListPriceEmpty+Json.swift */ = {isa = PBXFileReference; lastKnownFileType = sourcecode.swift; path = "CoinsListPriceEmpty+Json.swift"; sourceTree = "<group>"; };
		55A6648C292E46BE00981863 /* CoinsListEmpty+Json.swift */ = {isa = PBXFileReference; lastKnownFileType = sourcecode.swift; path = "CoinsListEmpty+Json.swift"; sourceTree = "<group>"; };
		55A6648E292E926E00981863 /* CoinsListUseCase+Parameters.swift */ = {isa = PBXFileReference; lastKnownFileType = sourcecode.swift; path = "CoinsListUseCase+Parameters.swift"; sourceTree = "<group>"; };
		55A66490292EBAE200981863 /* CoinDetail+Decodable.swift */ = {isa = PBXFileReference; lastKnownFileType = sourcecode.swift; path = "CoinDetail+Decodable.swift"; sourceTree = "<group>"; };
		55A66492292EBB1F00981863 /* CoinDetails+Json.swift */ = {isa = PBXFileReference; lastKnownFileType = sourcecode.swift; path = "CoinDetails+Json.swift"; sourceTree = "<group>"; };
		55A66495292EC16200981863 /* CoinDetail+Repository.swift */ = {isa = PBXFileReference; lastKnownFileType = sourcecode.swift; path = "CoinDetail+Repository.swift"; sourceTree = "<group>"; };
		55A66497292EC17000981863 /* CoinDetailRepository+Parameters.swift */ = {isa = PBXFileReference; lastKnownFileType = sourcecode.swift; path = "CoinDetailRepository+Parameters.swift"; sourceTree = "<group>"; };
		55A6649D292EC59900981863 /* CoinDetails+Entity.swift */ = {isa = PBXFileReference; lastKnownFileType = sourcecode.swift; path = "CoinDetails+Entity.swift"; sourceTree = "<group>"; };
		55A664A0292EC6A000981863 /* CoinDetail+UseCase.swift */ = {isa = PBXFileReference; lastKnownFileType = sourcecode.swift; path = "CoinDetail+UseCase.swift"; sourceTree = "<group>"; };
		55A664A2292EC6B400981863 /* CoinDetailUseCase+Parameters.swift */ = {isa = PBXFileReference; lastKnownFileType = sourcecode.swift; path = "CoinDetailUseCase+Parameters.swift"; sourceTree = "<group>"; };
		55A664A4292ECBEF00981863 /* CoinDetailUseCase+Test.swift */ = {isa = PBXFileReference; lastKnownFileType = sourcecode.swift; path = "CoinDetailUseCase+Test.swift"; sourceTree = "<group>"; };
		55A664A6292ECC3500981863 /* CoinDetailRepository+Mock.swift */ = {isa = PBXFileReference; lastKnownFileType = sourcecode.swift; path = "CoinDetailRepository+Mock.swift"; sourceTree = "<group>"; };
/* End PBXFileReference section */

/* Begin PBXFrameworksBuildPhase section */
		55A663F4292C097900981863 /* Frameworks */ = {
			isa = PBXFrameworksBuildPhase;
			buildActionMask = 2147483647;
			files = (
				55A66434292C0AD700981863 /* SKRools in Frameworks */,
			);
			runOnlyForDeploymentPostprocessing = 0;
		};
		55A6640D292C097A00981863 /* Frameworks */ = {
			isa = PBXFrameworksBuildPhase;
			buildActionMask = 2147483647;
			files = (
			);
			runOnlyForDeploymentPostprocessing = 0;
		};
		55A66417292C097A00981863 /* Frameworks */ = {
			isa = PBXFrameworksBuildPhase;
			buildActionMask = 2147483647;
			files = (
			);
			runOnlyForDeploymentPostprocessing = 0;
		};
/* End PBXFrameworksBuildPhase section */

/* Begin PBXGroup section */
		55A663EE292C097900981863 = {
			isa = PBXGroup;
			children = (
				55A663F9292C097900981863 /* Cryptocompare */,
				55A66413292C097A00981863 /* CryptocompareTests */,
				55A6641D292C097A00981863 /* CryptocompareUITests */,
				55A663F8292C097900981863 /* Products */,
			);
			sourceTree = "<group>";
		};
		55A663F8292C097900981863 /* Products */ = {
			isa = PBXGroup;
			children = (
				55A663F7292C097900981863 /* Cryptocompare.app */,
				55A66410292C097A00981863 /* CryptocompareTests.xctest */,
				55A6641A292C097A00981863 /* CryptocompareUITests.xctest */,
			);
			name = Products;
			sourceTree = "<group>";
		};
		55A663F9292C097900981863 /* Cryptocompare */ = {
			isa = PBXGroup;
			children = (
				55A66435292C0B7F00981863 /* Extensions */,
				55A6642D292C09BD00981863 /* Features */,
				55A6642E292C09C900981863 /* Resources */,
				55A663FA292C097900981863 /* AppDelegate.swift */,
				55A66400292C097900981863 /* Main.storyboard */,
				55A66408292C097A00981863 /* LaunchScreen.storyboard */,
				55A6640B292C097A00981863 /* Info.plist */,
				55A66403292C097900981863 /* Cryptocompare.xcdatamodeld */,
			);
			path = Cryptocompare;
			sourceTree = "<group>";
		};
		55A66413292C097A00981863 /* CryptocompareTests */ = {
			isa = PBXGroup;
			children = (
				55A66477292D201900981863 /* Mocks */,
				55A66474292D1F8F00981863 /* Domain */,
				55A66414292C097A00981863 /* CryptocompareTests.swift */,
			);
			path = CryptocompareTests;
			sourceTree = "<group>";
		};
		55A6641D292C097A00981863 /* CryptocompareUITests */ = {
			isa = PBXGroup;
			children = (
				55A6641E292C097A00981863 /* CryptocompareUITests.swift */,
				55A66420292C097A00981863 /* CryptocompareUITestsLaunchTests.swift */,
			);
			path = CryptocompareUITests;
			sourceTree = "<group>";
		};
		55A6642D292C09BD00981863 /* Features */ = {
			isa = PBXGroup;
			children = (
				55A6645A292CD48300981863 /* Domain */,
				55A66445292C222C00981863 /* Data */,
				55A6642F292C0A8F00981863 /* Presentation */,
			);
			path = Features;
			sourceTree = "<group>";
		};
		55A6642E292C09C900981863 /* Resources */ = {
			isa = PBXGroup;
			children = (
				55A66406292C097A00981863 /* Assets.xcassets */,
			);
			path = Resources;
			sourceTree = "<group>";
		};
		55A6642F292C0A8F00981863 /* Presentation */ = {
			isa = PBXGroup;
			children = (
				55A66439292C0BC700981863 /* HomeView */,
				55A66438292C0BBF00981863 /* SetupView */,
				55A66430292C0AA500981863 /* MainCoordinator.swift */,
			);
			path = Presentation;
			sourceTree = "<group>";
		};
		55A66435292C0B7F00981863 /* Extensions */ = {
			isa = PBXGroup;
			children = (
				55A66436292C0B9E00981863 /* String+Localized.swift */,
				55A66440292C109900981863 /* UIFont+CustomFonts.swift */,
				55A66442292C10A800981863 /* UIColors+CustomColors.swift */,
			);
			path = Extensions;
			sourceTree = "<group>";
		};
		55A66438292C0BBF00981863 /* SetupView */ = {
			isa = PBXGroup;
			children = (
				55A6643A292C0F2000981863 /* View */,
			);
			path = SetupView;
			sourceTree = "<group>";
		};
		55A66439292C0BC700981863 /* HomeView */ = {
			isa = PBXGroup;
			children = (
				55A6643D292C0F4000981863 /* View */,
			);
			path = HomeView;
			sourceTree = "<group>";
		};
		55A6643A292C0F2000981863 /* View */ = {
			isa = PBXGroup;
			children = (
				55A6643B292C0F3A00981863 /* Setup+View.swift */,
			);
			path = View;
			sourceTree = "<group>";
		};
		55A6643D292C0F4000981863 /* View */ = {
			isa = PBXGroup;
			children = (
				55A6643E292C0F5000981863 /* Home+View.swift */,
			);
			path = View;
			sourceTree = "<group>";
		};
		55A66445292C222C00981863 /* Data */ = {
			isa = PBXGroup;
			children = (
				55A66447292C223B00981863 /* Repository */,
				55A66446292C223300981863 /* Decodables */,
			);
			path = Data;
			sourceTree = "<group>";
		};
		55A66446292C223300981863 /* Decodables */ = {
			isa = PBXGroup;
			children = (
				55A6644A292C226300981863 /* Coins+Decodable.swift */,
				55A6644C292C24B200981863 /* CoinsList+Decodable.swift */,
				55A66458292C2A9F00981863 /* CoinsListPrice+Decodable.swift */,
				55A66490292EBAE200981863 /* CoinDetail+Decodable.swift */,
			);
			path = Decodables;
			sourceTree = "<group>";
		};
		55A66447292C223B00981863 /* Repository */ = {
			isa = PBXGroup;
			children = (
				55A66494292EC14B00981863 /* CoinDetail */,
				55A66455292C297F00981863 /* CoinsListPrice */,
				55A66454292C296D00981863 /* CoinsList */,
			);
			path = Repository;
			sourceTree = "<group>";
		};
		55A66454292C296D00981863 /* CoinsList */ = {
			isa = PBXGroup;
			children = (
				55A66450292C277300981863 /* CoinsList+Repository.swift */,
				55A6644E292C276700981863 /* CoinsListRepository+Parameters.swift */,
			);
			path = CoinsList;
			sourceTree = "<group>";
		};
		55A66455292C297F00981863 /* CoinsListPrice */ = {
			isa = PBXGroup;
			children = (
				55A66452292C296700981863 /* CoinsListPrice+Repository.swift */,
				55A66456292C29A000981863 /* CointsListPriceRepository+Parameters.swift */,
			);
			path = CoinsListPrice;
			sourceTree = "<group>";
		};
		55A6645A292CD48300981863 /* Domain */ = {
			isa = PBXGroup;
			children = (
				55A6645D292CD52900981863 /* Entity */,
				55A6645C292CD52200981863 /* UseCase */,
			);
			path = Domain;
			sourceTree = "<group>";
		};
		55A6645C292CD52200981863 /* UseCase */ = {
			isa = PBXGroup;
			children = (
				55A6649F292EC68E00981863 /* CoinDetail */,
				55A66464292CDF9800981863 /* CoinsList */,
			);
			path = UseCase;
			sourceTree = "<group>";
		};
		55A6645D292CD52900981863 /* Entity */ = {
			isa = PBXGroup;
			children = (
				55A6646A292CE1DC00981863 /* Coins */,
			);
			path = Entity;
			sourceTree = "<group>";
		};
		55A66464292CDF9800981863 /* CoinsList */ = {
			isa = PBXGroup;
			children = (
				55A66465292CDFAF00981863 /* CoinsList+UseCase.swift */,
				55A6648E292E926E00981863 /* CoinsListUseCase+Parameters.swift */,
			);
			path = CoinsList;
			sourceTree = "<group>";
		};
		55A6646A292CE1DC00981863 /* Coins */ = {
			isa = PBXGroup;
			children = (
				55A6646D292CE27400981863 /* Coin+Entity.swift */,
				55A6649D292EC59900981863 /* CoinDetails+Entity.swift */,
			);
			path = Coins;
			sourceTree = "<group>";
		};
		55A66474292D1F8F00981863 /* Domain */ = {
			isa = PBXGroup;
			children = (
				55A66475292D1FC200981863 /* CoinsListUseCase+Test.swift */,
				55A664A4292ECBEF00981863 /* CoinDetailUseCase+Test.swift */,
			);
			path = Domain;
			sourceTree = "<group>";
		};
		55A66477292D201900981863 /* Mocks */ = {
			isa = PBXGroup;
			children = (
				55A66478292D202000981863 /* Data */,
			);
			path = Mocks;
			sourceTree = "<group>";
		};
		55A66478292D202000981863 /* Data */ = {
			isa = PBXGroup;
			children = (
				55A66489292E1C4900981863 /* Raw */,
				55A6647F292D212F00981863 /* CoinsListRepository+Mock.swift */,
				55A66483292D787100981863 /* CoinsListPriceRepository+Mock.swift */,
				55A664A6292ECC3500981863 /* CoinDetailRepository+Mock.swift */,
			);
			path = Data;
			sourceTree = "<group>";
		};
		55A66489292E1C4900981863 /* Raw */ = {
			isa = PBXGroup;
			children = (
				55A66487292E1C1400981863 /* CoinsLargeListPrice+Json.swift */,
				55A6647D292D20DF00981863 /* CoinsList+Json.swift */,
				55A66481292D758800981863 /* CoinsListPrice+Json.swift */,
				55A66485292E138100981863 /* CoinsLargeList+Json.swift */,
				55A6648A292E467B00981863 /* CoinsListPriceEmpty+Json.swift */,
				55A6648C292E46BE00981863 /* CoinsListEmpty+Json.swift */,
				55A66492292EBB1F00981863 /* CoinDetails+Json.swift */,
			);
			path = Raw;
			sourceTree = "<group>";
		};
		55A66494292EC14B00981863 /* CoinDetail */ = {
			isa = PBXGroup;
			children = (
				55A66495292EC16200981863 /* CoinDetail+Repository.swift */,
				55A66497292EC17000981863 /* CoinDetailRepository+Parameters.swift */,
			);
			path = CoinDetail;
			sourceTree = "<group>";
		};
		55A6649F292EC68E00981863 /* CoinDetail */ = {
			isa = PBXGroup;
			children = (
				55A664A0292EC6A000981863 /* CoinDetail+UseCase.swift */,
				55A664A2292EC6B400981863 /* CoinDetailUseCase+Parameters.swift */,
			);
			path = CoinDetail;
			sourceTree = "<group>";
		};
/* End PBXGroup section */

/* Begin PBXNativeTarget section */
		55A663F6292C097900981863 /* Cryptocompare */ = {
			isa = PBXNativeTarget;
			buildConfigurationList = 55A66424292C097A00981863 /* Build configuration list for PBXNativeTarget "Cryptocompare" */;
			buildPhases = (
				55A663F3292C097900981863 /* Sources */,
				55A663F4292C097900981863 /* Frameworks */,
				55A663F5292C097900981863 /* Resources */,
				55A66444292C128100981863 /* SwiftLint */,
			);
			buildRules = (
			);
			dependencies = (
			);
			name = Cryptocompare;
			packageProductDependencies = (
				55A66433292C0AD700981863 /* SKRools */,
			);
			productName = Cryptocompare;
			productReference = 55A663F7292C097900981863 /* Cryptocompare.app */;
			productType = "com.apple.product-type.application";
		};
		55A6640F292C097A00981863 /* CryptocompareTests */ = {
			isa = PBXNativeTarget;
			buildConfigurationList = 55A66427292C097A00981863 /* Build configuration list for PBXNativeTarget "CryptocompareTests" */;
			buildPhases = (
				55A6640C292C097A00981863 /* Sources */,
				55A6640D292C097A00981863 /* Frameworks */,
				55A6640E292C097A00981863 /* Resources */,
			);
			buildRules = (
			);
			dependencies = (
				55A66412292C097A00981863 /* PBXTargetDependency */,
			);
			name = CryptocompareTests;
			productName = CryptocompareTests;
			productReference = 55A66410292C097A00981863 /* CryptocompareTests.xctest */;
			productType = "com.apple.product-type.bundle.unit-test";
		};
		55A66419292C097A00981863 /* CryptocompareUITests */ = {
			isa = PBXNativeTarget;
			buildConfigurationList = 55A6642A292C097A00981863 /* Build configuration list for PBXNativeTarget "CryptocompareUITests" */;
			buildPhases = (
				55A66416292C097A00981863 /* Sources */,
				55A66417292C097A00981863 /* Frameworks */,
				55A66418292C097A00981863 /* Resources */,
			);
			buildRules = (
			);
			dependencies = (
				55A6641C292C097A00981863 /* PBXTargetDependency */,
			);
			name = CryptocompareUITests;
			productName = CryptocompareUITests;
			productReference = 55A6641A292C097A00981863 /* CryptocompareUITests.xctest */;
			productType = "com.apple.product-type.bundle.ui-testing";
		};
/* End PBXNativeTarget section */

/* Begin PBXProject section */
		55A663EF292C097900981863 /* Project object */ = {
			isa = PBXProject;
			attributes = {
				BuildIndependentTargetsInParallel = 1;
				LastSwiftUpdateCheck = 1410;
				LastUpgradeCheck = 1410;
				TargetAttributes = {
					55A663F6292C097900981863 = {
						CreatedOnToolsVersion = 14.1;
					};
					55A6640F292C097A00981863 = {
						CreatedOnToolsVersion = 14.1;
						TestTargetID = 55A663F6292C097900981863;
					};
					55A66419292C097A00981863 = {
						CreatedOnToolsVersion = 14.1;
						TestTargetID = 55A663F6292C097900981863;
					};
				};
			};
			buildConfigurationList = 55A663F2292C097900981863 /* Build configuration list for PBXProject "Cryptocompare" */;
			compatibilityVersion = "Xcode 14.0";
			developmentRegion = en;
			hasScannedForEncodings = 0;
			knownRegions = (
				en,
				Base,
			);
			mainGroup = 55A663EE292C097900981863;
			packageReferences = (
				55A66432292C0AD700981863 /* XCRemoteSwiftPackageReference "SKRools" */,
			);
			productRefGroup = 55A663F8292C097900981863 /* Products */;
			projectDirPath = "";
			projectRoot = "";
			targets = (
				55A663F6292C097900981863 /* Cryptocompare */,
				55A6640F292C097A00981863 /* CryptocompareTests */,
				55A66419292C097A00981863 /* CryptocompareUITests */,
			);
		};
/* End PBXProject section */

/* Begin PBXResourcesBuildPhase section */
		55A663F5292C097900981863 /* Resources */ = {
			isa = PBXResourcesBuildPhase;
			buildActionMask = 2147483647;
			files = (
				55A6640A292C097A00981863 /* LaunchScreen.storyboard in Resources */,
				55A66407292C097A00981863 /* Assets.xcassets in Resources */,
				55A66402292C097900981863 /* Main.storyboard in Resources */,
			);
			runOnlyForDeploymentPostprocessing = 0;
		};
		55A6640E292C097A00981863 /* Resources */ = {
			isa = PBXResourcesBuildPhase;
			buildActionMask = 2147483647;
			files = (
			);
			runOnlyForDeploymentPostprocessing = 0;
		};
		55A66418292C097A00981863 /* Resources */ = {
			isa = PBXResourcesBuildPhase;
			buildActionMask = 2147483647;
			files = (
			);
			runOnlyForDeploymentPostprocessing = 0;
		};
/* End PBXResourcesBuildPhase section */

/* Begin PBXShellScriptBuildPhase section */
		55A66444292C128100981863 /* SwiftLint */ = {
			isa = PBXShellScriptBuildPhase;
			alwaysOutOfDate = 1;
			buildActionMask = 2147483647;
			files = (
			);
			inputFileListPaths = (
			);
			inputPaths = (
			);
			name = SwiftLint;
			outputFileListPaths = (
			);
			outputPaths = (
			);
			runOnlyForDeploymentPostprocessing = 0;
			shellPath = /bin/sh;
			shellScript = "export PATH=\"$PATH:/opt/homebrew/bin\"\nif which swiftlint > /dev/null; then\n  swiftlint\nelse\n  echo \"warning: SwiftLint not installed, download from https://github.com/realm/SwiftLint\"\nfi\n";
		};
/* End PBXShellScriptBuildPhase section */

/* Begin PBXSourcesBuildPhase section */
		55A663F3292C097900981863 /* Sources */ = {
			isa = PBXSourcesBuildPhase;
			buildActionMask = 2147483647;
			files = (
				55A6644D292C24B200981863 /* CoinsList+Decodable.swift in Sources */,
				55A66457292C29A000981863 /* CointsListPriceRepository+Parameters.swift in Sources */,
				55A6648F292E926E00981863 /* CoinsListUseCase+Parameters.swift in Sources */,
				55A66491292EBAE200981863 /* CoinDetail+Decodable.swift in Sources */,
				55A6643C292C0F3A00981863 /* Setup+View.swift in Sources */,
				55A664A3292EC6B400981863 /* CoinDetailUseCase+Parameters.swift in Sources */,
				55A66437292C0B9E00981863 /* String+Localized.swift in Sources */,
				55A663FB292C097900981863 /* AppDelegate.swift in Sources */,
				55A6643F292C0F5000981863 /* Home+View.swift in Sources */,
				55A6644F292C276700981863 /* CoinsListRepository+Parameters.swift in Sources */,
				55A66453292C296700981863 /* CoinsListPrice+Repository.swift in Sources */,
				55A66441292C109900981863 /* UIFont+CustomFonts.swift in Sources */,
				55A66405292C097900981863 /* Cryptocompare.xcdatamodeld in Sources */,
				55A66466292CDFAF00981863 /* CoinsList+UseCase.swift in Sources */,
				55A66443292C10A800981863 /* UIColors+CustomColors.swift in Sources */,
				55A6646E292CE27400981863 /* Coin+Entity.swift in Sources */,
				55A6644B292C226300981863 /* Coins+Decodable.swift in Sources */,
				55A6649E292EC59900981863 /* CoinDetails+Entity.swift in Sources */,
				55A66431292C0AA500981863 /* MainCoordinator.swift in Sources */,
				55A664A1292EC6A000981863 /* CoinDetail+UseCase.swift in Sources */,
				55A66496292EC16200981863 /* CoinDetail+Repository.swift in Sources */,
				55A66451292C277300981863 /* CoinsList+Repository.swift in Sources */,
				55A66459292C2A9F00981863 /* CoinsListPrice+Decodable.swift in Sources */,
				55A66498292EC17000981863 /* CoinDetailRepository+Parameters.swift in Sources */,
			);
			runOnlyForDeploymentPostprocessing = 0;
		};
		55A6640C292C097A00981863 /* Sources */ = {
			isa = PBXSourcesBuildPhase;
			buildActionMask = 2147483647;
			files = (
				55A6647E292D20DF00981863 /* CoinsList+Json.swift in Sources */,
				55A66493292EBB1F00981863 /* CoinDetails+Json.swift in Sources */,
				55A66476292D1FC200981863 /* CoinsListUseCase+Test.swift in Sources */,
				55A6648B292E467B00981863 /* CoinsListPriceEmpty+Json.swift in Sources */,
				55A66484292D787100981863 /* CoinsListPriceRepository+Mock.swift in Sources */,
				55A6648D292E46BE00981863 /* CoinsListEmpty+Json.swift in Sources */,
				55A66480292D212F00981863 /* CoinsListRepository+Mock.swift in Sources */,
				55A664A7292ECC3500981863 /* CoinDetailRepository+Mock.swift in Sources */,
				55A664A5292ECBF000981863 /* CoinDetailUseCase+Test.swift in Sources */,
				55A66488292E1C1400981863 /* CoinsLargeListPrice+Json.swift in Sources */,
				55A66415292C097A00981863 /* CryptocompareTests.swift in Sources */,
				55A66486292E138100981863 /* CoinsLargeList+Json.swift in Sources */,
				55A66482292D758800981863 /* CoinsListPrice+Json.swift in Sources */,
			);
			runOnlyForDeploymentPostprocessing = 0;
		};
		55A66416292C097A00981863 /* Sources */ = {
			isa = PBXSourcesBuildPhase;
			buildActionMask = 2147483647;
			files = (
				55A6641F292C097A00981863 /* CryptocompareUITests.swift in Sources */,
				55A66421292C097A00981863 /* CryptocompareUITestsLaunchTests.swift in Sources */,
			);
			runOnlyForDeploymentPostprocessing = 0;
		};
/* End PBXSourcesBuildPhase section */

/* Begin PBXTargetDependency section */
		55A66412292C097A00981863 /* PBXTargetDependency */ = {
			isa = PBXTargetDependency;
			target = 55A663F6292C097900981863 /* Cryptocompare */;
			targetProxy = 55A66411292C097A00981863 /* PBXContainerItemProxy */;
		};
		55A6641C292C097A00981863 /* PBXTargetDependency */ = {
			isa = PBXTargetDependency;
			target = 55A663F6292C097900981863 /* Cryptocompare */;
			targetProxy = 55A6641B292C097A00981863 /* PBXContainerItemProxy */;
		};
/* End PBXTargetDependency section */

/* Begin PBXVariantGroup section */
		55A66400292C097900981863 /* Main.storyboard */ = {
			isa = PBXVariantGroup;
			children = (
				55A66401292C097900981863 /* Base */,
			);
			name = Main.storyboard;
			sourceTree = "<group>";
		};
		55A66408292C097A00981863 /* LaunchScreen.storyboard */ = {
			isa = PBXVariantGroup;
			children = (
				55A66409292C097A00981863 /* Base */,
			);
			name = LaunchScreen.storyboard;
			sourceTree = "<group>";
		};
/* End PBXVariantGroup section */

/* Begin XCBuildConfiguration section */
		55A66422292C097A00981863 /* Debug */ = {
			isa = XCBuildConfiguration;
			buildSettings = {
				ALWAYS_SEARCH_USER_PATHS = NO;
				CLANG_ANALYZER_NONNULL = YES;
				CLANG_ANALYZER_NUMBER_OBJECT_CONVERSION = YES_AGGRESSIVE;
				CLANG_CXX_LANGUAGE_STANDARD = "gnu++20";
				CLANG_ENABLE_MODULES = YES;
				CLANG_ENABLE_OBJC_ARC = YES;
				CLANG_ENABLE_OBJC_WEAK = YES;
				CLANG_WARN_BLOCK_CAPTURE_AUTORELEASING = YES;
				CLANG_WARN_BOOL_CONVERSION = YES;
				CLANG_WARN_COMMA = YES;
				CLANG_WARN_CONSTANT_CONVERSION = YES;
				CLANG_WARN_DEPRECATED_OBJC_IMPLEMENTATIONS = YES;
				CLANG_WARN_DIRECT_OBJC_ISA_USAGE = YES_ERROR;
				CLANG_WARN_DOCUMENTATION_COMMENTS = YES;
				CLANG_WARN_EMPTY_BODY = YES;
				CLANG_WARN_ENUM_CONVERSION = YES;
				CLANG_WARN_INFINITE_RECURSION = YES;
				CLANG_WARN_INT_CONVERSION = YES;
				CLANG_WARN_NON_LITERAL_NULL_CONVERSION = YES;
				CLANG_WARN_OBJC_IMPLICIT_RETAIN_SELF = YES;
				CLANG_WARN_OBJC_LITERAL_CONVERSION = YES;
				CLANG_WARN_OBJC_ROOT_CLASS = YES_ERROR;
				CLANG_WARN_QUOTED_INCLUDE_IN_FRAMEWORK_HEADER = YES;
				CLANG_WARN_RANGE_LOOP_ANALYSIS = YES;
				CLANG_WARN_STRICT_PROTOTYPES = YES;
				CLANG_WARN_SUSPICIOUS_MOVE = YES;
				CLANG_WARN_UNGUARDED_AVAILABILITY = YES_AGGRESSIVE;
				CLANG_WARN_UNREACHABLE_CODE = YES;
				CLANG_WARN__DUPLICATE_METHOD_MATCH = YES;
				COPY_PHASE_STRIP = NO;
				DEBUG_INFORMATION_FORMAT = dwarf;
				ENABLE_STRICT_OBJC_MSGSEND = YES;
				ENABLE_TESTABILITY = YES;
				GCC_C_LANGUAGE_STANDARD = gnu11;
				GCC_DYNAMIC_NO_PIC = NO;
				GCC_NO_COMMON_BLOCKS = YES;
				GCC_OPTIMIZATION_LEVEL = 0;
				GCC_PREPROCESSOR_DEFINITIONS = (
					"DEBUG=1",
					"$(inherited)",
				);
				GCC_WARN_64_TO_32_BIT_CONVERSION = YES;
				GCC_WARN_ABOUT_RETURN_TYPE = YES_ERROR;
				GCC_WARN_UNDECLARED_SELECTOR = YES;
				GCC_WARN_UNINITIALIZED_AUTOS = YES_AGGRESSIVE;
				GCC_WARN_UNUSED_FUNCTION = YES;
				GCC_WARN_UNUSED_VARIABLE = YES;
				IPHONEOS_DEPLOYMENT_TARGET = 16.1;
				MTL_ENABLE_DEBUG_INFO = INCLUDE_SOURCE;
				MTL_FAST_MATH = YES;
				ONLY_ACTIVE_ARCH = YES;
				SDKROOT = iphoneos;
				SWIFT_ACTIVE_COMPILATION_CONDITIONS = DEBUG;
				SWIFT_OPTIMIZATION_LEVEL = "-Onone";
			};
			name = Debug;
		};
		55A66423292C097A00981863 /* Release */ = {
			isa = XCBuildConfiguration;
			buildSettings = {
				ALWAYS_SEARCH_USER_PATHS = NO;
				CLANG_ANALYZER_NONNULL = YES;
				CLANG_ANALYZER_NUMBER_OBJECT_CONVERSION = YES_AGGRESSIVE;
				CLANG_CXX_LANGUAGE_STANDARD = "gnu++20";
				CLANG_ENABLE_MODULES = YES;
				CLANG_ENABLE_OBJC_ARC = YES;
				CLANG_ENABLE_OBJC_WEAK = YES;
				CLANG_WARN_BLOCK_CAPTURE_AUTORELEASING = YES;
				CLANG_WARN_BOOL_CONVERSION = YES;
				CLANG_WARN_COMMA = YES;
				CLANG_WARN_CONSTANT_CONVERSION = YES;
				CLANG_WARN_DEPRECATED_OBJC_IMPLEMENTATIONS = YES;
				CLANG_WARN_DIRECT_OBJC_ISA_USAGE = YES_ERROR;
				CLANG_WARN_DOCUMENTATION_COMMENTS = YES;
				CLANG_WARN_EMPTY_BODY = YES;
				CLANG_WARN_ENUM_CONVERSION = YES;
				CLANG_WARN_INFINITE_RECURSION = YES;
				CLANG_WARN_INT_CONVERSION = YES;
				CLANG_WARN_NON_LITERAL_NULL_CONVERSION = YES;
				CLANG_WARN_OBJC_IMPLICIT_RETAIN_SELF = YES;
				CLANG_WARN_OBJC_LITERAL_CONVERSION = YES;
				CLANG_WARN_OBJC_ROOT_CLASS = YES_ERROR;
				CLANG_WARN_QUOTED_INCLUDE_IN_FRAMEWORK_HEADER = YES;
				CLANG_WARN_RANGE_LOOP_ANALYSIS = YES;
				CLANG_WARN_STRICT_PROTOTYPES = YES;
				CLANG_WARN_SUSPICIOUS_MOVE = YES;
				CLANG_WARN_UNGUARDED_AVAILABILITY = YES_AGGRESSIVE;
				CLANG_WARN_UNREACHABLE_CODE = YES;
				CLANG_WARN__DUPLICATE_METHOD_MATCH = YES;
				COPY_PHASE_STRIP = NO;
				DEBUG_INFORMATION_FORMAT = "dwarf-with-dsym";
				ENABLE_NS_ASSERTIONS = NO;
				ENABLE_STRICT_OBJC_MSGSEND = YES;
				GCC_C_LANGUAGE_STANDARD = gnu11;
				GCC_NO_COMMON_BLOCKS = YES;
				GCC_WARN_64_TO_32_BIT_CONVERSION = YES;
				GCC_WARN_ABOUT_RETURN_TYPE = YES_ERROR;
				GCC_WARN_UNDECLARED_SELECTOR = YES;
				GCC_WARN_UNINITIALIZED_AUTOS = YES_AGGRESSIVE;
				GCC_WARN_UNUSED_FUNCTION = YES;
				GCC_WARN_UNUSED_VARIABLE = YES;
				IPHONEOS_DEPLOYMENT_TARGET = 16.1;
				MTL_ENABLE_DEBUG_INFO = NO;
				MTL_FAST_MATH = YES;
				SDKROOT = iphoneos;
				SWIFT_COMPILATION_MODE = wholemodule;
				SWIFT_OPTIMIZATION_LEVEL = "-O";
				VALIDATE_PRODUCT = YES;
			};
			name = Release;
		};
		55A66425292C097A00981863 /* Debug */ = {
			isa = XCBuildConfiguration;
			buildSettings = {
				ASSETCATALOG_COMPILER_APPICON_NAME = AppIcon;
				ASSETCATALOG_COMPILER_GLOBAL_ACCENT_COLOR_NAME = AccentColor;
				CODE_SIGN_STYLE = Automatic;
				CURRENT_PROJECT_VERSION = 1;
				DEVELOPMENT_TEAM = YKK8JZ62EV;
				GENERATE_INFOPLIST_FILE = YES;
				INFOPLIST_FILE = Cryptocompare/Info.plist;
				INFOPLIST_KEY_UIApplicationSupportsIndirectInputEvents = YES;
				INFOPLIST_KEY_UILaunchStoryboardName = LaunchScreen;
				INFOPLIST_KEY_UIMainStoryboardFile = Main;
				INFOPLIST_KEY_UISupportedInterfaceOrientations_iPad = "UIInterfaceOrientationPortrait UIInterfaceOrientationPortraitUpsideDown UIInterfaceOrientationLandscapeLeft UIInterfaceOrientationLandscapeRight";
				INFOPLIST_KEY_UISupportedInterfaceOrientations_iPhone = "UIInterfaceOrientationPortrait UIInterfaceOrientationLandscapeLeft UIInterfaceOrientationLandscapeRight";
				LD_RUNPATH_SEARCH_PATHS = (
					"$(inherited)",
					"@executable_path/Frameworks",
				);
				MARKETING_VERSION = 1.0;
				PRODUCT_BUNDLE_IDENTIFIER = cardona.tv.Cryptocompare;
				PRODUCT_NAME = "$(TARGET_NAME)";
				SWIFT_EMIT_LOC_STRINGS = YES;
				SWIFT_VERSION = 5.0;
				TARGETED_DEVICE_FAMILY = "1,2";
			};
			name = Debug;
		};
		55A66426292C097A00981863 /* Release */ = {
			isa = XCBuildConfiguration;
			buildSettings = {
				ASSETCATALOG_COMPILER_APPICON_NAME = AppIcon;
				ASSETCATALOG_COMPILER_GLOBAL_ACCENT_COLOR_NAME = AccentColor;
				CODE_SIGN_STYLE = Automatic;
				CURRENT_PROJECT_VERSION = 1;
				DEVELOPMENT_TEAM = YKK8JZ62EV;
				GENERATE_INFOPLIST_FILE = YES;
				INFOPLIST_FILE = Cryptocompare/Info.plist;
				INFOPLIST_KEY_UIApplicationSupportsIndirectInputEvents = YES;
				INFOPLIST_KEY_UILaunchStoryboardName = LaunchScreen;
				INFOPLIST_KEY_UIMainStoryboardFile = Main;
				INFOPLIST_KEY_UISupportedInterfaceOrientations_iPad = "UIInterfaceOrientationPortrait UIInterfaceOrientationPortraitUpsideDown UIInterfaceOrientationLandscapeLeft UIInterfaceOrientationLandscapeRight";
				INFOPLIST_KEY_UISupportedInterfaceOrientations_iPhone = "UIInterfaceOrientationPortrait UIInterfaceOrientationLandscapeLeft UIInterfaceOrientationLandscapeRight";
				LD_RUNPATH_SEARCH_PATHS = (
					"$(inherited)",
					"@executable_path/Frameworks",
				);
				MARKETING_VERSION = 1.0;
				PRODUCT_BUNDLE_IDENTIFIER = cardona.tv.Cryptocompare;
				PRODUCT_NAME = "$(TARGET_NAME)";
				SWIFT_EMIT_LOC_STRINGS = YES;
				SWIFT_VERSION = 5.0;
				TARGETED_DEVICE_FAMILY = "1,2";
			};
			name = Release;
		};
		55A66428292C097A00981863 /* Debug */ = {
			isa = XCBuildConfiguration;
			buildSettings = {
				ALWAYS_EMBED_SWIFT_STANDARD_LIBRARIES = YES;
				BUNDLE_LOADER = "$(TEST_HOST)";
				CODE_SIGN_STYLE = Automatic;
				CURRENT_PROJECT_VERSION = 1;
				DEVELOPMENT_TEAM = YKK8JZ62EV;
				GENERATE_INFOPLIST_FILE = YES;
				IPHONEOS_DEPLOYMENT_TARGET = 16.1;
				MARKETING_VERSION = 1.0;
				PRODUCT_BUNDLE_IDENTIFIER = cardona.tv.CryptocompareTests;
				PRODUCT_NAME = "$(TARGET_NAME)";
				SWIFT_EMIT_LOC_STRINGS = NO;
				SWIFT_VERSION = 5.0;
				TARGETED_DEVICE_FAMILY = "1,2";
				TEST_HOST = "$(BUILT_PRODUCTS_DIR)/Cryptocompare.app/$(BUNDLE_EXECUTABLE_FOLDER_PATH)/Cryptocompare";
			};
			name = Debug;
		};
		55A66429292C097A00981863 /* Release */ = {
			isa = XCBuildConfiguration;
			buildSettings = {
				ALWAYS_EMBED_SWIFT_STANDARD_LIBRARIES = YES;
				BUNDLE_LOADER = "$(TEST_HOST)";
				CODE_SIGN_STYLE = Automatic;
				CURRENT_PROJECT_VERSION = 1;
				DEVELOPMENT_TEAM = YKK8JZ62EV;
				GENERATE_INFOPLIST_FILE = YES;
				IPHONEOS_DEPLOYMENT_TARGET = 16.1;
				MARKETING_VERSION = 1.0;
				PRODUCT_BUNDLE_IDENTIFIER = cardona.tv.CryptocompareTests;
				PRODUCT_NAME = "$(TARGET_NAME)";
				SWIFT_EMIT_LOC_STRINGS = NO;
				SWIFT_VERSION = 5.0;
				TARGETED_DEVICE_FAMILY = "1,2";
				TEST_HOST = "$(BUILT_PRODUCTS_DIR)/Cryptocompare.app/$(BUNDLE_EXECUTABLE_FOLDER_PATH)/Cryptocompare";
			};
			name = Release;
		};
		55A6642B292C097A00981863 /* Debug */ = {
			isa = XCBuildConfiguration;
			buildSettings = {
				ALWAYS_EMBED_SWIFT_STANDARD_LIBRARIES = YES;
				CODE_SIGN_STYLE = Automatic;
				CURRENT_PROJECT_VERSION = 1;
				DEVELOPMENT_TEAM = YKK8JZ62EV;
				GENERATE_INFOPLIST_FILE = YES;
				MARKETING_VERSION = 1.0;
				PRODUCT_BUNDLE_IDENTIFIER = cardona.tv.CryptocompareUITests;
				PRODUCT_NAME = "$(TARGET_NAME)";
				SWIFT_EMIT_LOC_STRINGS = NO;
				SWIFT_VERSION = 5.0;
				TARGETED_DEVICE_FAMILY = "1,2";
				TEST_TARGET_NAME = Cryptocompare;
			};
			name = Debug;
		};
		55A6642C292C097A00981863 /* Release */ = {
			isa = XCBuildConfiguration;
			buildSettings = {
				ALWAYS_EMBED_SWIFT_STANDARD_LIBRARIES = YES;
				CODE_SIGN_STYLE = Automatic;
				CURRENT_PROJECT_VERSION = 1;
				DEVELOPMENT_TEAM = YKK8JZ62EV;
				GENERATE_INFOPLIST_FILE = YES;
				MARKETING_VERSION = 1.0;
				PRODUCT_BUNDLE_IDENTIFIER = cardona.tv.CryptocompareUITests;
				PRODUCT_NAME = "$(TARGET_NAME)";
				SWIFT_EMIT_LOC_STRINGS = NO;
				SWIFT_VERSION = 5.0;
				TARGETED_DEVICE_FAMILY = "1,2";
				TEST_TARGET_NAME = Cryptocompare;
			};
			name = Release;
		};
/* End XCBuildConfiguration section */

/* Begin XCConfigurationList section */
		55A663F2292C097900981863 /* Build configuration list for PBXProject "Cryptocompare" */ = {
			isa = XCConfigurationList;
			buildConfigurations = (
				55A66422292C097A00981863 /* Debug */,
				55A66423292C097A00981863 /* Release */,
			);
			defaultConfigurationIsVisible = 0;
			defaultConfigurationName = Release;
		};
		55A66424292C097A00981863 /* Build configuration list for PBXNativeTarget "Cryptocompare" */ = {
			isa = XCConfigurationList;
			buildConfigurations = (
				55A66425292C097A00981863 /* Debug */,
				55A66426292C097A00981863 /* Release */,
			);
			defaultConfigurationIsVisible = 0;
			defaultConfigurationName = Release;
		};
		55A66427292C097A00981863 /* Build configuration list for PBXNativeTarget "CryptocompareTests" */ = {
			isa = XCConfigurationList;
			buildConfigurations = (
				55A66428292C097A00981863 /* Debug */,
				55A66429292C097A00981863 /* Release */,
			);
			defaultConfigurationIsVisible = 0;
			defaultConfigurationName = Release;
		};
		55A6642A292C097A00981863 /* Build configuration list for PBXNativeTarget "CryptocompareUITests" */ = {
			isa = XCConfigurationList;
			buildConfigurations = (
				55A6642B292C097A00981863 /* Debug */,
				55A6642C292C097A00981863 /* Release */,
			);
			defaultConfigurationIsVisible = 0;
			defaultConfigurationName = Release;
		};
/* End XCConfigurationList section */

/* Begin XCRemoteSwiftPackageReference section */
		55A66432292C0AD700981863 /* XCRemoteSwiftPackageReference "SKRools" */ = {
			isa = XCRemoteSwiftPackageReference;
			repositoryURL = "https://github.com/cardona/SKRools";
			requirement = {
				kind = upToNextMajorVersion;
				minimumVersion = 1.0.0;
			};
		};
/* End XCRemoteSwiftPackageReference section */

/* Begin XCSwiftPackageProductDependency section */
		55A66433292C0AD700981863 /* SKRools */ = {
			isa = XCSwiftPackageProductDependency;
			package = 55A66432292C0AD700981863 /* XCRemoteSwiftPackageReference "SKRools" */;
			productName = SKRools;
		};
/* End XCSwiftPackageProductDependency section */

/* Begin XCVersionGroup section */
		55A66403292C097900981863 /* Cryptocompare.xcdatamodeld */ = {
			isa = XCVersionGroup;
			children = (
				55A66404292C097900981863 /* Cryptocompare.xcdatamodel */,
			);
			currentVersion = 55A66404292C097900981863 /* Cryptocompare.xcdatamodel */;
			path = Cryptocompare.xcdatamodeld;
			sourceTree = "<group>";
			versionGroupType = wrapper.xcdatamodel;
		};
/* End XCVersionGroup section */
	};
	rootObject = 55A663EF292C097900981863 /* Project object */;
}
